// !$*UTF8*$!
{
	archiveVersion = 1;
	classes = {
	};
	objectVersion = 50;
	objects = {

/* Begin PBXBuildFile section */
		03984C11214855A000D6169D /* AppDelegate.swift in Sources */ = {isa = PBXBuildFile; fileRef = 03984C10214855A000D6169D /* AppDelegate.swift */; };
		03984C16214855A000D6169D /* Main.storyboard in Resources */ = {isa = PBXBuildFile; fileRef = 03984C14214855A000D6169D /* Main.storyboard */; };
		03984C18214855A100D6169D /* Assets.xcassets in Resources */ = {isa = PBXBuildFile; fileRef = 03984C17214855A100D6169D /* Assets.xcassets */; };
		03984C1B214855A100D6169D /* LaunchScreen.storyboard in Resources */ = {isa = PBXBuildFile; fileRef = 03984C19214855A100D6169D /* LaunchScreen.storyboard */; };
		03984C23214855BA00D6169D /* UserModel.swift in Sources */ = {isa = PBXBuildFile; fileRef = 03984C22214855BA00D6169D /* UserModel.swift */; };
		03984C262148561D00D6169D /* UserService.swift in Sources */ = {isa = PBXBuildFile; fileRef = 03984C252148561D00D6169D /* UserService.swift */; };
		03984C282148574200D6169D /* UserListPresenter.swift in Sources */ = {isa = PBXBuildFile; fileRef = 03984C272148574100D6169D /* UserListPresenter.swift */; };
		03984C2A214857BF00D6169D /* UserListViewController.swift in Sources */ = {isa = PBXBuildFile; fileRef = 03984C29214857BF00D6169D /* UserListViewController.swift */; };
		03984C2C214858AA00D6169D /* UserListViewProtocol.swift in Sources */ = {isa = PBXBuildFile; fileRef = 03984C2B214858AA00D6169D /* UserListViewProtocol.swift */; };
/* End PBXBuildFile section */

/* Begin PBXFileReference section */
		03984C0D214855A000D6169D /* mvptest.app */ = {isa = PBXFileReference; explicitFileType = wrapper.application; includeInIndex = 0; path = mvptest.app; sourceTree = BUILT_PRODUCTS_DIR; };
		03984C10214855A000D6169D /* AppDelegate.swift */ = {isa = PBXFileReference; lastKnownFileType = sourcecode.swift; path = AppDelegate.swift; sourceTree = "<group>"; };
		03984C15214855A000D6169D /* Base */ = {isa = PBXFileReference; lastKnownFileType = file.storyboard; name = Base; path = Base.lproj/Main.storyboard; sourceTree = "<group>"; };
		03984C17214855A100D6169D /* Assets.xcassets */ = {isa = PBXFileReference; lastKnownFileType = folder.assetcatalog; path = Assets.xcassets; sourceTree = "<group>"; };
		03984C1A214855A100D6169D /* Base */ = {isa = PBXFileReference; lastKnownFileType = file.storyboard; name = Base; path = Base.lproj/LaunchScreen.storyboard; sourceTree = "<group>"; };
		03984C1C214855A100D6169D /* Info.plist */ = {isa = PBXFileReference; lastKnownFileType = text.plist.xml; path = Info.plist; sourceTree = "<group>"; };
		03984C22214855BA00D6169D /* UserModel.swift */ = {isa = PBXFileReference; lastKnownFileType = sourcecode.swift; path = UserModel.swift; sourceTree = "<group>"; };
		03984C252148561D00D6169D /* UserService.swift */ = {isa = PBXFileReference; lastKnownFileType = sourcecode.swift; path = UserService.swift; sourceTree = "<group>"; };
		03984C272148574100D6169D /* UserListPresenter.swift */ = {isa = PBXFileReference; lastKnownFileType = sourcecode.swift; path = UserListPresenter.swift; sourceTree = "<group>"; };
		03984C29214857BF00D6169D /* UserListViewController.swift */ = {isa = PBXFileReference; lastKnownFileType = sourcecode.swift; path = UserListViewController.swift; sourceTree = "<group>"; };
		03984C2B214858AA00D6169D /* UserListViewProtocol.swift */ = {isa = PBXFileReference; lastKnownFileType = sourcecode.swift; path = UserListViewProtocol.swift; sourceTree = "<group>"; };
/* End PBXFileReference section */

/* Begin PBXFrameworksBuildPhase section */
		03984C0A214855A000D6169D /* Frameworks */ = {
			isa = PBXFrameworksBuildPhase;
			buildActionMask = 2147483647;
			files = (
			);
			runOnlyForDeploymentPostprocessing = 0;
		};
/* End PBXFrameworksBuildPhase section */

/* Begin PBXGroup section */
		03984C04214855A000D6169D = {
			isa = PBXGroup;
			children = (
				03984C24214855CB00D6169D /* User */,
				03984C0F214855A000D6169D /* mvptest */,
				03984C0E214855A000D6169D /* Products */,
			);
			sourceTree = "<group>";
		};
		03984C0E214855A000D6169D /* Products */ = {
			isa = PBXGroup;
			children = (
				03984C0D214855A000D6169D /* mvptest.app */,
			);
			name = Products;
			sourceTree = "<group>";
		};
		03984C0F214855A000D6169D /* mvptest */ = {
			isa = PBXGroup;
			children = (
				03984C10214855A000D6169D /* AppDelegate.swift */,
				03984C14214855A000D6169D /* Main.storyboard */,
				03984C17214855A100D6169D /* Assets.xcassets */,
				03984C19214855A100D6169D /* LaunchScreen.storyboard */,
				03984C1C214855A100D6169D /* Info.plist */,
			);
			path = mvptest;
			sourceTree = "<group>";
		};
		03984C24214855CB00D6169D /* User */ = {
			isa = PBXGroup;
			children = (
				03984C22214855BA00D6169D /* UserModel.swift */,
				03984C252148561D00D6169D /* UserService.swift */,
				03984C272148574100D6169D /* UserListPresenter.swift */,
				03984C2B214858AA00D6169D /* UserListViewProtocol.swift */,
				03984C29214857BF00D6169D /* UserListViewController.swift */,
			);
			path = User;
			sourceTree = "<group>";
		};
/* End PBXGroup section */

/* Begin PBXNativeTarget section */
		03984C0C214855A000D6169D /* mvptest */ = {
			isa = PBXNativeTarget;
			buildConfigurationList = 03984C1F214855A100D6169D /* Build configuration list for PBXNativeTarget "mvptest" */;
			buildPhases = (
				03984C09214855A000D6169D /* Sources */,
				03984C0A214855A000D6169D /* Frameworks */,
				03984C0B214855A000D6169D /* Resources */,
			);
			buildRules = (
			);
			dependencies = (
			);
			name = mvptest;
			productName = mvptest;
			productReference = 03984C0D214855A000D6169D /* mvptest.app */;
			productType = "com.apple.product-type.application";
		};
/* End PBXNativeTarget section */

/* Begin PBXProject section */
		03984C05214855A000D6169D /* Project object */ = {
			isa = PBXProject;
			attributes = {
				LastSwiftUpdateCheck = 0940;
				LastUpgradeCheck = 0940;
				ORGANIZATIONNAME = "Adam Teale";
				TargetAttributes = {
					03984C0C214855A000D6169D = {
						CreatedOnToolsVersion = 9.4.1;
					};
				};
			};
			buildConfigurationList = 03984C08214855A000D6169D /* Build configuration list for PBXProject "mvptest" */;
			compatibilityVersion = "Xcode 9.3";
			developmentRegion = en;
			hasScannedForEncodings = 0;
			knownRegions = (
				en,
				Base,
			);
			mainGroup = 03984C04214855A000D6169D;
			productRefGroup = 03984C0E214855A000D6169D /* Products */;
			projectDirPath = "";
			projectRoot = "";
			targets = (
				03984C0C214855A000D6169D /* mvptest */,
			);
		};
/* End PBXProject section */

/* Begin PBXResourcesBuildPhase section */
		03984C0B214855A000D6169D /* Resources */ = {
			isa = PBXResourcesBuildPhase;
			buildActionMask = 2147483647;
			files = (
				03984C1B214855A100D6169D /* LaunchScreen.storyboard in Resources */,
				03984C18214855A100D6169D /* Assets.xcassets in Resources */,
				03984C16214855A000D6169D /* Main.storyboard in Resources */,
			);
			runOnlyForDeploymentPostprocessing = 0;
		};
/* End PBXResourcesBuildPhase section */

/* Begin PBXSourcesBuildPhase section */
		03984C09214855A000D6169D /* Sources */ = {
			isa = PBXSourcesBuildPhase;
			buildActionMask = 2147483647;
			files = (
				03984C262148561D00D6169D /* UserService.swift in Sources */,
				03984C2C214858AA00D6169D /* UserListViewProtocol.swift in Sources */,
				03984C11214855A000D6169D /* AppDelegate.swift in Sources */,
				03984C282148574200D6169D /* UserListPresenter.swift in Sources */,
				03984C23214855BA00D6169D /* UserModel.swift in Sources */,
				03984C2A214857BF00D6169D /* UserListViewController.swift in Sources */,
			);
			runOnlyForDeploymentPostprocessing = 0;
		};
/* End PBXSourcesBuildPhase section */

/* Begin PBXVariantGroup section */
		03984C14214855A000D6169D /* Main.storyboard */ = {
			isa = PBXVariantGroup;
			children = (
				03984C15214855A000D6169D /* Base */,
			);
			name = Main.storyboard;
			sourceTree = "<group>";
		};
		03984C19214855A100D6169D /* LaunchScreen.storyboard */ = {
			isa = PBXVariantGroup;
			children = (
				03984C1A214855A100D6169D /* Base */,
			);
			name = LaunchScreen.storyboard;
			sourceTree = "<group>";
		};
/* End PBXVariantGroup section */

/* Begin XCBuildConfiguration section */
		03984C1D214855A100D6169D /* Debug */ = {
			isa = XCBuildConfiguration;
			buildSettings = {
				ALWAYS_SEARCH_USER_PATHS = NO;
				CLANG_ANALYZER_NONNULL = YES;
				CLANG_ANALYZER_NUMBER_OBJECT_CONVERSION = YES_AGGRESSIVE;
				CLANG_CXX_LANGUAGE_STANDARD = "gnu++14";
				CLANG_CXX_LIBRARY = "libc++";
				CLANG_ENABLE_MODULES = YES;
				CLANG_ENABLE_OBJC_ARC = YES;
				CLANG_ENABLE_OBJC_WEAK = YES;
				CLANG_WARN_BLOCK_CAPTURE_AUTORELEASING = YES;
				CLANG_WARN_BOOL_CONVERSION = YES;
				CLANG_WARN_COMMA = YES;
				CLANG_WARN_CONSTANT_CONVERSION = YES;
				CLANG_WARN_DEPRECATED_OBJC_IMPLEMENTATIONS = YES;
				CLANG_WARN_DIRECT_OBJC_ISA_USAGE = YES_ERROR;
				CLANG_WARN_DOCUMENTATION_COMMENTS = YES;
				CLANG_WARN_EMPTY_BODY = YES;
				CLANG_WARN_ENUM_CONVERSION = YES;
				CLANG_WARN_INFINITE_RECURSION = YES;
				CLANG_WARN_INT_CONVERSION = YES;
				CLANG_WARN_NON_LITERAL_NULL_CONVERSION = YES;
				CLANG_WARN_OBJC_IMPLICIT_RETAIN_SELF = YES;
				CLANG_WARN_OBJC_LITERAL_CONVERSION = YES;
				CLANG_WARN_OBJC_ROOT_CLASS = YES_ERROR;
				CLANG_WARN_RANGE_LOOP_ANALYSIS = YES;
				CLANG_WARN_STRICT_PROTOTYPES = YES;
				CLANG_WARN_SUSPICIOUS_MOVE = YES;
				CLANG_WARN_UNGUARDED_AVAILABILITY = YES_AGGRESSIVE;
				CLANG_WARN_UNREACHABLE_CODE = YES;
				CLANG_WARN__DUPLICATE_METHOD_MATCH = YES;
				CODE_SIGN_IDENTITY = "iPhone Developer";
				COPY_PHASE_STRIP = NO;
				DEBUG_INFORMATION_FORMAT = dwarf;
				ENABLE_STRICT_OBJC_MSGSEND = YES;
				ENABLE_TESTABILITY = YES;
				GCC_C_LANGUAGE_STANDARD = gnu11;
				GCC_DYNAMIC_NO_PIC = NO;
				GCC_NO_COMMON_BLOCKS = YES;
				GCC_OPTIMIZATION_LEVEL = 0;
				GCC_PREPROCESSOR_DEFINITIONS = (
					"DEBUG=1",
					"$(inherited)",
				);
				GCC_WARN_64_TO_32_BIT_CONVERSION = YES;
				GCC_WARN_ABOUT_RETURN_TYPE = YES_ERROR;
				GCC_WARN_UNDECLARED_SELECTOR = YES;
				GCC_WARN_UNINITIALIZED_AUTOS = YES_AGGRESSIVE;
				GCC_WARN_UNUSED_FUNCTION = YES;
				GCC_WARN_UNUSED_VARIABLE = YES;
				IPHONEOS_DEPLOYMENT_TARGET = 11.4;
				MTL_ENABLE_DEBUG_INFO = YES;
				ONLY_ACTIVE_ARCH = YES;
				SDKROOT = iphoneos;
				SWIFT_ACTIVE_COMPILATION_CONDITIONS = DEBUG;
				SWIFT_OPTIMIZATION_LEVEL = "-Onone";
			};
			name = Debug;
		};
		03984C1E214855A100D6169D /* Release */ = {
			isa = XCBuildConfiguration;
			buildSettings = {
				ALWAYS_SEARCH_USER_PATHS = NO;
				CLANG_ANALYZER_NONNULL = YES;
				CLANG_ANALYZER_NUMBER_OBJECT_CONVERSION = YES_AGGRESSIVE;
				CLANG_CXX_LANGUAGE_STANDARD = "gnu++14";
				CLANG_CXX_LIBRARY = "libc++";
				CLANG_ENABLE_MODULES = YES;
				CLANG_ENABLE_OBJC_ARC = YES;
				CLANG_ENABLE_OBJC_WEAK = YES;
				CLANG_WARN_BLOCK_CAPTURE_AUTORELEASING = YES;
				CLANG_WARN_BOOL_CONVERSION = YES;
				CLANG_WARN_COMMA = YES;
				CLANG_WARN_CONSTANT_CONVERSION = YES;
				CLANG_WARN_DEPRECATED_OBJC_IMPLEMENTATIONS = YES;
				CLANG_WARN_DIRECT_OBJC_ISA_USAGE = YES_ERROR;
				CLANG_WARN_DOCUMENTATION_COMMENTS = YES;
				CLANG_WARN_EMPTY_BODY = YES;
				CLANG_WARN_ENUM_CONVERSION = YES;
				CLANG_WARN_INFINITE_RECURSION = YES;
				CLANG_WARN_INT_CONVERSION = YES;
				CLANG_WARN_NON_LITERAL_NULL_CONVERSION = YES;
				CLANG_WARN_OBJC_IMPLICIT_RETAIN_SELF = YES;
				CLANG_WARN_OBJC_LITERAL_CONVERSION = YES;
				CLANG_WARN_OBJC_ROOT_CLASS = YES_ERROR;
				CLANG_WARN_RANGE_LOOP_ANALYSIS = YES;
				CLANG_WARN_STRICT_PROTOTYPES = YES;
				CLANG_WARN_SUSPICIOUS_MOVE = YES;
				CLANG_WARN_UNGUARDED_AVAILABILITY = YES_AGGRESSIVE;
				CLANG_WARN_UNREACHABLE_CODE = YES;
				CLANG_WARN__DUPLICATE_METHOD_MATCH = YES;
				CODE_SIGN_IDENTITY = "iPhone Developer";
				COPY_PHASE_STRIP = NO;
				DEBUG_INFORMATION_FORMAT = "dwarf-with-dsym";
				ENABLE_NS_ASSERTIONS = NO;
				ENABLE_STRICT_OBJC_MSGSEND = YES;
				GCC_C_LANGUAGE_STANDARD = gnu11;
				GCC_NO_COMMON_BLOCKS = YES;
				GCC_WARN_64_TO_32_BIT_CONVERSION = YES;
				GCC_WARN_ABOUT_RETURN_TYPE = YES_ERROR;
				GCC_WARN_UNDECLARED_SELECTOR = YES;
				GCC_WARN_UNINITIALIZED_AUTOS = YES_AGGRESSIVE;
				GCC_WARN_UNUSED_FUNCTION = YES;
				GCC_WARN_UNUSED_VARIABLE = YES;
				IPHONEOS_DEPLOYMENT_TARGET = 11.4;
				MTL_ENABLE_DEBUG_INFO = NO;
				SDKROOT = iphoneos;
				SWIFT_COMPILATION_MODE = wholemodule;
				SWIFT_OPTIMIZATION_LEVEL = "-O";
				VALIDATE_PRODUCT = YES;
			};
			name = Release;
		};
		03984C20214855A100D6169D /* Debug */ = {
			isa = XCBuildConfiguration;
			buildSettings = {
				ASSETCATALOG_COMPILER_APPICON_NAME = AppIcon;
				CODE_SIGN_STYLE = Automatic;
				INFOPLIST_FILE = mvptest/Info.plist;
				LD_RUNPATH_SEARCH_PATHS = (
					"$(inherited)",
					"@executable_path/Frameworks",
				);
				PRODUCT_BUNDLE_IDENTIFIER = com.reigndesign.mvptest;
				PRODUCT_NAME = "$(TARGET_NAME)";
				SWIFT_VERSION = 4.0;
				TARGETED_DEVICE_FAMILY = "1,2";
			};
			name = Debug;
		};
		03984C21214855A100D6169D /* Release */ = {
			isa = XCBuildConfiguration;
			buildSettings = {
				ASSETCATALOG_COMPILER_APPICON_NAME = AppIcon;
				CODE_SIGN_STYLE = Automatic;
				INFOPLIST_FILE = mvptest/Info.plist;
				LD_RUNPATH_SEARCH_PATHS = (
					"$(inherited)",
					"@executable_path/Frameworks",
				);
				PRODUCT_BUNDLE_IDENTIFIER = com.reigndesign.mvptest;
				PRODUCT_NAME = "$(TARGET_NAME)";
				SWIFT_VERSION = 4.0;
				TARGETED_DEVICE_FAMILY = "1,2";
			};
			name = Release;
		};
/* End XCBuildConfiguration section */

/* Begin XCConfigurationList section */
		03984C08214855A000D6169D /* Build configuration list for PBXProject "mvptest" */ = {
			isa = XCConfigurationList;
			buildConfigurations = (
				03984C1D214855A100D6169D /* Debug */,
				03984C1E214855A100D6169D /* Release */,
			);
			defaultConfigurationIsVisible = 0;
			defaultConfigurationName = Release;
		};
		03984C1F214855A100D6169D /* Build configuration list for PBXNativeTarget "mvptest" */ = {
			isa = XCConfigurationList;
			buildConfigurations = (
				03984C20214855A100D6169D /* Debug */,
				03984C21214855A100D6169D /* Release */,
			);
			defaultConfigurationIsVisible = 0;
			defaultConfigurationName = Release;
		};
/* End XCConfigurationList section */
	};
	rootObject = 03984C05214855A000D6169D /* Project object */;
}
